
Microsoft Visual Studio Solution File, Format Version 12.00
# Visual Studio Version 17
VisualStudioVersion = 17.6.33712.159
MinimumVisualStudioVersion = 10.0.40219.1
Project("{FAE04EC0-301F-11D3-BF4B-00C04F79EFBC}") = "BetterCommands", "BetterCommands\BetterCommands.csproj", "{CC903F45-2955-4EAA-8DB7-623815FA2562}"
EndProject
Global
	GlobalSection(SolutionConfigurationPlatforms) = preSolution
		Debug|Any CPU = Debug|Any CPU
		Release|Any CPU = Release|Any CPU
	EndGlobalSection
	GlobalSection(ProjectConfigurationPlatforms) = postSolution
		{CC903F45-2955-4EAA-8DB7-623815FA2562}.Debug|Any CPU.ActiveCfg = Debug|Any CPU
		{CC903F45-2955-4EAA-8DB7-623815FA2562}.Debug|Any CPU.Build.0 = Debug|Any CPU
		{CC903F45-2955-4EAA-8DB7-623815FA2562}.Release|Any CPU.ActiveCfg = Release|Any CPU
		{CC903F45-2955-4EAA-8DB7-623815FA2562}.Release|Any CPU.Build.0 = Release|Any CPU
	EndGlobalSection
	GlobalSection(SolutionProperties) = preSolution
		HideSolutionNode = FALSE
	EndGlobalSection
	GlobalSection(ExtensibilityGlobals) = postSolution
		SolutionGuid = {FB6BD2A6-58E7-461F-8AAC-F16C9F040971}
	EndGlobalSection
EndGlobal
